
Microsoft Visual Studio Solution File, Format Version 12.00
# Visual Studio Version 16
VisualStudioVersion = 16.0.30204.135
MinimumVisualStudioVersion = 10.0.40219.1
Project("{9A19103F-16F7-4668-BE54-9A1E7A4F7556}") = "MyListSpace", "MyListSpace.csproj", "{C33B876B-E76C-428D-BD09-81012D23A94F}"
EndProject
Project("{FAE04EC0-301F-11D3-BF4B-00C04F79EFBC}") = "MyListTests", "..\MyListTests\MyListTests.csproj", "{22E4E5C0-D38B-409F-BBBD-7872A7AE39A4}"
EndProject
Global
	GlobalSection(SolutionConfigurationPlatforms) = preSolution
		Debug|Any CPU = Debug|Any CPU
		Release|Any CPU = Release|Any CPU
	EndGlobalSection
	GlobalSection(ProjectConfigurationPlatforms) = postSolution
		{C33B876B-E76C-428D-BD09-81012D23A94F}.Debug|Any CPU.ActiveCfg = Debug|Any CPU
		{C33B876B-E76C-428D-BD09-81012D23A94F}.Debug|Any CPU.Build.0 = Debug|Any CPU
		{C33B876B-E76C-428D-BD09-81012D23A94F}.Release|Any CPU.ActiveCfg = Release|Any CPU
		{C33B876B-E76C-428D-BD09-81012D23A94F}.Release|Any CPU.Build.0 = Release|Any CPU
		{22E4E5C0-D38B-409F-BBBD-7872A7AE39A4}.Debug|Any CPU.ActiveCfg = Debug|Any CPU
		{22E4E5C0-D38B-409F-BBBD-7872A7AE39A4}.Debug|Any CPU.Build.0 = Debug|Any CPU
		{22E4E5C0-D38B-409F-BBBD-7872A7AE39A4}.Release|Any CPU.ActiveCfg = Release|Any CPU
		{22E4E5C0-D38B-409F-BBBD-7872A7AE39A4}.Release|Any CPU.Build.0 = Release|Any CPU
	EndGlobalSection
	GlobalSection(SolutionProperties) = preSolution
		HideSolutionNode = FALSE
	EndGlobalSection
	GlobalSection(ExtensibilityGlobals) = postSolution
		SolutionGuid = {00E20E9B-668D-4BE1-BB6D-2B020A8E48AA}
	EndGlobalSection
EndGlobal
